upstream:
  repo: https://github.com/earendil-works/pi-mono.git
  ref: refs/heads/main
  sha: dcd461925db2edf69a43c8135db1180d418afd54
  fetched_at: 2026-08-25T00:55:00+08:00
  previous_sync_sha: 914cf1472
base:
  origin_repo: https://github.com/zenHeart/pi.git
  ref: refs/heads/book
  sha: 33dccd90cb7798f51d5b444377b29ed0de7c981a
sync:
  version: 8.1.0
  date: 2026-08-25
  status: completed
  resolver: option-b (chapter-by-chapter fact reconciliation against upstream/main dcd461925)
impact_summary: |
  234 files modified, 35 added, 1 deleted between v0.84.2 (914cf1472)
  and current main (dcd461925) outside book/ .github/ .pi/ AGENTS.md
  README.md package*.json.
  Book refs that no longer matched the new tree: 18 broken source
  links across 7 chapters, 8 unique targets (packages/ai/src/stream.ts,
  packages/ai/src/api-registry.ts,
  packages/ai/src/providers/register-builtins.ts,
  packages/agent/src/harness/session/jsonl-repo.ts). All broken links
  rewritten to their actual upstream locations (compat.ts, jsonl/repo.ts);
  no mechanical-only edits; each new line number verified against the
  upstream content via grep + line inspection.
audit_history:
  - commit: a2fa5ffdc8f2ed14a305ab7a409684d6b9ba5200
    status: blocked
    reason: |
      Initial snapshot-rebase base commit. validate.js exit 1 with 17
      surface errors / 207 unique / 454 broken #Lx (initial over-count
      via loose scan; subsequent strict scan refined to 18 / 8 / 7).
      Book refs to packages/ai/src/stream.ts and
      packages/agent/src/harness/session/jsonl-repo.ts no longer existed
      after the upstream refactor. Resolver (option-b) authorized by
      Codex orchestrator after user requested "run the task as advised
      and reflect Pi's latest content". Recorded as execution.blocked
      on zenHeart/workflow#110 and on zenHeart/pi#1.
  - commit: <this-commit>
    status: completed
    fixes:
      "chapter-01-dependency-dag.md":
        - "stream.ts#L43 -> compat.ts#L275 (streamSimple)"
        - "stream.ts#L58 -> compat.ts#L285 (builtinProvider branch)"
      "chapter-04-agent-session-runtime.md":
        - "jsonl-repo.ts#L133 -> jsonl/repo.ts#L142 (fork)"
      "chapter-05-pi-ai-stream.md":
        - "stream.ts#L43 -> compat.ts#L275 (streamSimple)"
        - "api-registry.ts#L23 -> compat.ts#L100 (apiProviderRegistry Map)"
        - "api-registry.ts#L66 -> compat.ts#L126 (registerApiProvider)"
        - "register-builtins.ts#L162 -> compat.ts#L198 (registerBuiltInApiProviders)"
        - "api-registry.ts#L66 (narrative ref) -> compat.ts#L126"
        - "stream.ts#L43 (narrative ref) -> compat.ts#L275"
      "chapter-11-session-dag-jsonl.md":
        - "jsonl-repo.ts#L75 -> jsonl/repo.ts#L122 (create)"
        - "jsonl-repo.ts#L133 -> jsonl/repo.ts#L142 (fork)"
      "chapter-17-mini-pi-implementation.md":
        - "stream.ts#L43 -> compat.ts#L275 (streamSimple)"
      "chapter-18-protocol-data-structures.md":
        - "stream.ts#L43 -> compat.ts#L275 (streamSimple)"
        - "jsonl-repo.ts#L75 -> jsonl/repo.ts#L122 (create)"
        - "stream.ts#L48 -> compat.ts#L287 (provider resolve)"
      "chapter-19-faux-provider-tests.md":
        - "jsonl-repo.ts#L75 -> jsonl/repo.ts#L122 (create)"
verification:
  - "node book/validate.js (enhanced): exit 0; 25 chapters; 454 total source refs scanned (not just first per file)"
  - "node book/validate-render.js: exit 0; 55 generated files validated"
  - "node book/validate-render.test.js: exit 0; 25 mermaid SVG files; hljs TypeScript keyword spans; light + dark code-bg CSS variables present; data-language preserved non-visually"
  - "node book/build-epub.mjs book/pi-agent-handbook.epub: exit 0; EPUB non-empty (258 KB / 263967 bytes); SHA256 9bf47d5271797c3946cea559ccaEA81B22126327EF80D82D731FDE676E1E28D7; 25 chapter entries in spine; metadata version=8.1.0, dc:date=2026-08-25, dcterms:modified=2026-08-25T00:00:00Z"
enhancements:
  - "book/validate.js: sourceLinkScan now uses [...content.matchAll(...)] so every broken reference (not just the first per file) is reported; error message now embeds #Lx for direct identification."
  - "book/postprocess.js: readMetadata() now parses version + date from metadata.yaml; generateContentOpf() emits dc:date + book-version + dcterms:modified so the EPUB carries 8.1.0 / 2026-08-25 in its OPF instead of the hardcoded 2026-05-25."
  - ".gitignore: added book/epub-content/, book/*.epub, scripts-tmp/ to keep build artifacts and ad-hoc scan scripts out of the source tree."